<Solution>
  <Folder Name="/src/">
    <Project Path="src/Quizware.Api/Quizware.Api.csproj" />
    <Project Path="src/Quizware.Application/Quizware.Application.csproj" />
    <Project Path="src/Quizware.Domain/Quizware.Domain.csproj" />
    <Project Path="src/Quizware.Infrastructure/Quizware.Infrastructure.csproj" />
    <Project Path="src/Quizware.Modules.Buzzer/Quizware.Modules.Buzzer.csproj" />
  </Folder>
  <Folder Name="/tests/">
    <Project Path="tests/QuizApp.Api.IntegrationTests/QuizApp.Api.IntegrationTests.csproj" />
    <Project Path="tests/QuizApp.Application.Tests/QuizApp.Application.Tests.csproj" />
    <Project Path="tests/QuizApp.Architecture.Tests/QuizApp.Architecture.Tests.csproj" />
    <Project Path="tests/QuizApp.Domain.Tests/QuizApp.Domain.Tests.csproj" />
  </Folder>
  <Folder Name="/tools/">
    <Project Path="tools/QuizApp.BuzzerAgent/QuizApp.BuzzerAgent.csproj" />
  </Folder>
</Solution>
